// !$*UTF8*$!
{
	archiveVersion = 1;
	classes = {
	};
	objectVersion = 77;
	objects = {

/* Begin PBXBuildFile section */
		36F8C7DB2F26FA4500792061 /* FirebaseAnalytics in Frameworks */ = {isa = PBXBuildFile; productRef = 36F8C7DA2F26FA4500792061 /* FirebaseAnalytics */; };
		36F8C7DD2F26FA4500792061 /* FirebaseAnalyticsCore in Frameworks */ = {isa = PBXBuildFile; productRef = 36F8C7DC2F26FA4500792061 /* FirebaseAnalyticsCore */; };
		36F8C7DF2F26FA4500792061 /* FirebaseCore in Frameworks */ = {isa = PBXBuildFile; productRef = 36F8C7DE2F26FA4500792061 /* FirebaseCore */; };
/* End PBXBuildFile section */

/* Begin PBXContainerItemProxy section */
		368559A52F1625A1004C1868 /* PBXContainerItemProxy */ = {
			isa = PBXContainerItemProxy;
			containerPortal = 3685598F2F16259E004C1868 /* Project object */;
			proxyType = 1;
			remoteGlobalIDString = 368559962F16259E004C1868;
			remoteInfo = subscriptionManager;
		};
		368559AF2F1625A1004C1868 /* PBXContainerItemProxy */ = {
			isa = PBXContainerItemProxy;
			containerPortal = 3685598F2F16259E004C1868 /* Project object */;
			proxyType = 1;
			remoteGlobalIDString = 368559962F16259E004C1868;
			remoteInfo = subscriptionManager;
		};
/* End PBXContainerItemProxy section */

/* Begin PBXFileReference section */
		368559972F16259E004C1868 /* subscriptionManager.app */ = {isa = PBXFileReference; explicitFileType = wrapper.application; includeInIndex = 0; path = subscriptionManager.app; sourceTree = BUILT_PRODUCTS_DIR; };
		368559A42F1625A1004C1868 /* subscriptionManagerTests.xctest */ = {isa = PBXFileReference; explicitFileType = wrapper.cfbundle; includeInIndex = 0; path = subscriptionManagerTests.xctest; sourceTree = BUILT_PRODUCTS_DIR; };
		368559AE2F1625A1004C1868 /* subscriptionManagerUITests.xctest */ = {isa = PBXFileReference; explicitFileType = wrapper.cfbundle; includeInIndex = 0; path = subscriptionManagerUITests.xctest; sourceTree = BUILT_PRODUCTS_DIR; };
/* End PBXFileReference section */

/* Begin PBXFileSystemSynchronizedRootGroup section */
		368559992F16259E004C1868 /* subscriptionManager */ = {
			isa = PBXFileSystemSynchronizedRootGroup;
			path = subscriptionManager;
			sourceTree = "<group>";
		};
		368559A72F1625A1004C1868 /* subscriptionManagerTests */ = {
			isa = PBXFileSystemSynchronizedRootGroup;
			path = subscriptionManagerTests;
			sourceTree = "<group>";
		};
		368559B12F1625A1004C1868 /* subscriptionManagerUITests */ = {
			isa = PBXFileSystemSynchronizedRootGroup;
			path = subscriptionManagerUITests;
			sourceTree = "<group>";
		};
/* End PBXFileSystemSynchronizedRootGroup section */

/* Begin PBXFrameworksBuildPhase section */
		368559942F16259E004C1868 /* Frameworks */ = {
			isa = PBXFrameworksBuildPhase;
			buildActionMask = 2147483647;
			files = (
				36F8C7DB2F26FA4500792061 /* FirebaseAnalytics in Frameworks */,
				36F8C7DF2F26FA4500792061 /* FirebaseCore in Frameworks */,
				36F8C7DD2F26FA4500792061 /* FirebaseAnalyticsCore in Frameworks */,
			);
			runOnlyForDeploymentPostprocessing = 0;
		};
		368559A12F1625A1004C1868 /* Frameworks */ = {
			isa = PBXFrameworksBuildPhase;
			buildActionMask = 2147483647;
			files = (
			);
			runOnlyForDeploymentPostprocessing = 0;
		};
		368559AB2F1625A1004C1868 /* Frameworks */ = {
			isa = PBXFrameworksBuildPhase;
			buildActionMask = 2147483647;
			files = (
			);
			runOnlyForDeploymentPostprocessing = 0;
		};
/* End PBXFrameworksBuildPhase section */

/* Begin PBXGroup section */
		3685598E2F16259E004C1868 = {
			isa = PBXGroup;
			children = (
				368559992F16259E004C1868 /* subscriptionManager */,
				368559A72F1625A1004C1868 /* subscriptionManagerTests */,
				368559B12F1625A1004C1868 /* subscriptionManagerUITests */,
				368559982F16259E004C1868 /* Products */,
			);
			sourceTree = "<group>";
		};
		368559982F16259E004C1868 /* Products */ = {
			isa = PBXGroup;
			children = (
				368559972F16259E004C1868 /* subscriptionManager.app */,
				368559A42F1625A1004C1868 /* subscriptionManagerTests.xctest */,
				368559AE2F1625A1004C1868 /* subscriptionManagerUITests.xctest */,
			);
			name = Products;
			sourceTree = "<group>";
		};
/* End PBXGroup section */

/* Begin PBXNativeTarget section */
		368559962F16259E004C1868 /* subscriptionManager */ = {
			isa = PBXNativeTarget;
			buildConfigurationList = 368559B82F1625A1004C1868 /* Build configuration list for PBXNativeTarget "subscriptionManager" */;
			buildPhases = (
				368559932F16259E004C1868 /* Sources */,
				368559942F16259E004C1868 /* Frameworks */,
				368559952F16259E004C1868 /* Resources */,
			);
			buildRules = (
			);
			dependencies = (
			);
			fileSystemSynchronizedGroups = (
				368559992F16259E004C1868 /* subscriptionManager */,
			);
			name = subscriptionManager;
			packageProductDependencies = (
				36F8C7DA2F26FA4500792061 /* FirebaseAnalytics */,
				36F8C7DC2F26FA4500792061 /* FirebaseAnalyticsCore */,
				36F8C7DE2F26FA4500792061 /* FirebaseCore */,
			);
			productName = subscriptionManager;
			productReference = 368559972F16259E004C1868 /* subscriptionManager.app */;
			productType = "com.apple.product-type.application";
		};
		368559A32F1625A1004C1868 /* subscriptionManagerTests */ = {
			isa = PBXNativeTarget;
			buildConfigurationList = 368559BB2F1625A1004C1868 /* Build configuration list for PBXNativeTarget "subscriptionManagerTests" */;
			buildPhases = (
				368559A02F1625A1004C1868 /* Sources */,
				368559A12F1625A1004C1868 /* Frameworks */,
				368559A22F1625A1004C1868 /* Resources */,
			);
			buildRules = (
			);
			dependencies = (
				368559A62F1625A1004C1868 /* PBXTargetDependency */,
			);
			fileSystemSynchronizedGroups = (
				368559A72F1625A1004C1868 /* subscriptionManagerTests */,
			);
			name = subscriptionManagerTests;
			packageProductDependencies = (
			);
			productName = subscriptionManagerTests;
			productReference = 368559A42F1625A1004C1868 /* subscriptionManagerTests.xctest */;
			productType = "com.apple.product-type.bundle.unit-test";
		};
		368559AD2F1625A1004C1868 /* subscriptionManagerUITests */ = {
			isa = PBXNativeTarget;
			buildConfigurationList = 368559BE2F1625A1004C1868 /* Build configuration list for PBXNativeTarget "subscriptionManagerUITests" */;
			buildPhases = (
				368559AA2F1625A1004C1868 /* Sources */,
				368559AB2F1625A1004C1868 /* Frameworks */,
				368559AC2F1625A1004C1868 /* Resources */,
			);
			buildRules = (
			);
			dependencies = (
				368559B02F1625A1004C1868 /* PBXTargetDependency */,
			);
			fileSystemSynchronizedGroups = (
				368559B12F1625A1004C1868 /* subscriptionManagerUITests */,
			);
			name = subscriptionManagerUITests;
			packageProductDependencies = (
			);
			productName = subscriptionManagerUITests;
			productReference = 368559AE2F1625A1004C1868 /* subscriptionManagerUITests.xctest */;
			productType = "com.apple.product-type.bundle.ui-testing";
		};
/* End PBXNativeTarget section */

/* Begin PBXProject section */
		3685598F2F16259E004C1868 /* Project object */ = {
			isa = PBXProject;
			attributes = {
				BuildIndependentTargetsInParallel = 1;
				LastSwiftUpdateCheck = 1640;
				LastUpgradeCheck = 1640;
				TargetAttributes = {
					368559962F16259E004C1868 = {
						CreatedOnToolsVersion = 16.4;
					};
					368559A32F1625A1004C1868 = {
						CreatedOnToolsVersion = 16.4;
						TestTargetID = 368559962F16259E004C1868;
					};
					368559AD2F1625A1004C1868 = {
						CreatedOnToolsVersion = 16.4;
						TestTargetID = 368559962F16259E004C1868;
					};
				};
			};
			buildConfigurationList = 368559922F16259E004C1868 /* Build configuration list for PBXProject "subscriptionManager" */;
			developmentRegion = en;
			hasScannedForEncodings = 0;
			knownRegions = (
				en,
				Base,
			);
			mainGroup = 3685598E2F16259E004C1868;
			minimizedProjectReferenceProxies = 1;
			packageReferences = (
				36F8C7D92F26FA4500792061 /* XCRemoteSwiftPackageReference "firebase-ios-sdk" */,
			);
			preferredProjectObjectVersion = 77;
			productRefGroup = 368559982F16259E004C1868 /* Products */;
			projectDirPath = "";
			projectRoot = "";
			targets = (
				368559962F16259E004C1868 /* subscriptionManager */,
				368559A32F1625A1004C1868 /* subscriptionManagerTests */,
				368559AD2F1625A1004C1868 /* subscriptionManagerUITests */,
			);
		};
/* End PBXProject section */

/* Begin PBXResourcesBuildPhase section */
		368559952F16259E004C1868 /* Resources */ = {
			isa = PBXResourcesBuildPhase;
			buildActionMask = 2147483647;
			files = (
			);
			runOnlyForDeploymentPostprocessing = 0;
		};
		368559A22F1625A1004C1868 /* Resources */ = {
			isa = PBXResourcesBuildPhase;
			buildActionMask = 2147483647;
			files = (
			);
			runOnlyForDeploymentPostprocessing = 0;
		};
		368559AC2F1625A1004C1868 /* Resources */ = {
			isa = PBXResourcesBuildPhase;
			buildActionMask = 2147483647;
			files = (
			);
			runOnlyForDeploymentPostprocessing = 0;
		};
/* End PBXResourcesBuildPhase section */

/* Begin PBXSourcesBuildPhase section */
		368559932F16259E004C1868 /* Sources */ = {
			isa = PBXSourcesBuildPhase;
			buildActionMask = 2147483647;
			files = (
			);
			runOnlyForDeploymentPostprocessing = 0;
		};
		368559A02F1625A1004C1868 /* Sources */ = {
			isa = PBXSourcesBuildPhase;
			buildActionMask = 2147483647;
			files = (
			);
			runOnlyForDeploymentPostprocessing = 0;
		};
		368559AA2F1625A1004C1868 /* Sources */ = {
			isa = PBXSourcesBuildPhase;
			buildActionMask = 2147483647;
			files = (
			);
			runOnlyForDeploymentPostprocessing = 0;
		};
/* End PBXSourcesBuildPhase section */

/* Begin PBXTargetDependency section */
		368559A62F1625A1004C1868 /* PBXTargetDependency */ = {
			isa = PBXTargetDependency;
			target = 368559962F16259E004C1868 /* subscriptionManager */;
			targetProxy = 368559A52F1625A1004C1868 /* PBXContainerItemProxy */;
		};
		368559B02F1625A1004C1868 /* PBXTargetDependency */ = {
			isa = PBXTargetDependency;
			target = 368559962F16259E004C1868 /* subscriptionManager */;
			targetProxy = 368559AF2F1625A1004C1868 /* PBXContainerItemProxy */;
		};
/* End PBXTargetDependency section */

/* Begin XCBuildConfiguration section */
		368559B62F1625A1004C1868 /* Debug */ = {
			isa = XCBuildConfiguration;
			buildSettings = {
				ALWAYS_SEARCH_USER_PATHS = NO;
				ASSETCATALOG_COMPILER_GENERATE_SWIFT_ASSET_SYMBOL_EXTENSIONS = YES;
				CLANG_ANALYZER_NONNULL = YES;
				CLANG_ANALYZER_NUMBER_OBJECT_CONVERSION = YES_AGGRESSIVE;
				CLANG_CXX_LANGUAGE_STANDARD = "gnu++20";
				CLANG_ENABLE_MODULES = YES;
				CLANG_ENABLE_OBJC_ARC = YES;
				CLANG_ENABLE_OBJC_WEAK = YES;
				CLANG_WARN_BLOCK_CAPTURE_AUTORELEASING = YES;
				CLANG_WARN_BOOL_CONVERSION = YES;
				CLANG_WARN_COMMA = YES;
				CLANG_WARN_CONSTANT_CONVERSION = YES;
				CLANG_WARN_DEPRECATED_OBJC_IMPLEMENTATIONS = YES;
				CLANG_WARN_DIRECT_OBJC_ISA_USAGE = YES_ERROR;
				CLANG_WARN_DOCUMENTATION_COMMENTS = YES;
				CLANG_WARN_EMPTY_BODY = YES;
				CLANG_WARN_ENUM_CONVERSION = YES;
				CLANG_WARN_INFINITE_RECURSION = YES;
				CLANG_WARN_INT_CONVERSION = YES;
				CLANG_WARN_NON_LITERAL_NULL_CONVERSION = YES;
				CLANG_WARN_OBJC_IMPLICIT_RETAIN_SELF = YES;
				CLANG_WARN_OBJC_LITERAL_CONVERSION = YES;
				CLANG_WARN_OBJC_ROOT_CLASS = YES_ERROR;
				CLANG_WARN_QUOTED_INCLUDE_IN_FRAMEWORK_HEADER = YES;
				CLANG_WARN_RANGE_LOOP_ANALYSIS = YES;
				CLANG_WARN_STRICT_PROTOTYPES = YES;
				CLANG_WARN_SUSPICIOUS_MOVE = YES;
				CLANG_WARN_UNGUARDED_AVAILABILITY = YES_AGGRESSIVE;
				CLANG_WARN_UNREACHABLE_CODE = YES;
				CLANG_WARN__DUPLICATE_METHOD_MATCH = YES;
				COPY_PHASE_STRIP = NO;
				DEBUG_INFORMATION_FORMAT = dwarf;
				DEVELOPMENT_TEAM = XR95QV2C94;
				ENABLE_STRICT_OBJC_MSGSEND = YES;
				ENABLE_TESTABILITY = YES;
				ENABLE_USER_SCRIPT_SANDBOXING = YES;
				GCC_C_LANGUAGE_STANDARD = gnu17;
				GCC_DYNAMIC_NO_PIC = NO;
				GCC_NO_COMMON_BLOCKS = YES;
				GCC_OPTIMIZATION_LEVEL = 0;
				GCC_PREPROCESSOR_DEFINITIONS = (
					"DEBUG=1",
					"$(inherited)",
				);
				GCC_WARN_64_TO_32_BIT_CONVERSION = YES;
				GCC_WARN_ABOUT_RETURN_TYPE = YES_ERROR;
				GCC_WARN_UNDECLARED_SELECTOR = YES;
				GCC_WARN_UNINITIALIZED_AUTOS = YES_AGGRESSIVE;
				GCC_WARN_UNUSED_FUNCTION = YES;
				GCC_WARN_UNUSED_VARIABLE = YES;
				IPHONEOS_DEPLOYMENT_TARGET = 18.5;
				LOCALIZATION_PREFERS_STRING_CATALOGS = YES;
				MTL_ENABLE_DEBUG_INFO = INCLUDE_SOURCE;
				MTL_FAST_MATH = YES;
				ONLY_ACTIVE_ARCH = YES;
				SDKROOT = iphoneos;
				SWIFT_ACTIVE_COMPILATION_CONDITIONS = "DEBUG $(inherited)";
				SWIFT_OPTIMIZATION_LEVEL = "-Onone";
			};
			name = Debug;
		};
		368559B72F1625A1004C1868 /* Release */ = {
			isa = XCBuildConfiguration;
			buildSettings = {
				ALWAYS_SEARCH_USER_PATHS = NO;
				ASSETCATALOG_COMPILER_GENERATE_SWIFT_ASSET_SYMBOL_EXTENSIONS = YES;
				CLANG_ANALYZER_NONNULL = YES;
				CLANG_ANALYZER_NUMBER_OBJECT_CONVERSION = YES_AGGRESSIVE;
				CLANG_CXX_LANGUAGE_STANDARD = "gnu++20";
				CLANG_ENABLE_MODULES = YES;
				CLANG_ENABLE_OBJC_ARC = YES;
				CLANG_ENABLE_OBJC_WEAK = YES;
				CLANG_WARN_BLOCK_CAPTURE_AUTORELEASING = YES;
				CLANG_WARN_BOOL_CONVERSION = YES;
				CLANG_WARN_COMMA = YES;
				CLANG_WARN_CONSTANT_CONVERSION = YES;
				CLANG_WARN_DEPRECATED_OBJC_IMPLEMENTATIONS = YES;
				CLANG_WARN_DIRECT_OBJC_ISA_USAGE = YES_ERROR;
				CLANG_WARN_DOCUMENTATION_COMMENTS = YES;
				CLANG_WARN_EMPTY_BODY = YES;
				CLANG_WARN_ENUM_CONVERSION = YES;
				CLANG_WARN_INFINITE_RECURSION = YES;
				CLANG_WARN_INT_CONVERSION = YES;
				CLANG_WARN_NON_LITERAL_NULL_CONVERSION = YES;
				CLANG_WARN_OBJC_IMPLICIT_RETAIN_SELF = YES;
				CLANG_WARN_OBJC_LITERAL_CONVERSION = YES;
				CLANG_WARN_OBJC_ROOT_CLASS = YES_ERROR;
				CLANG_WARN_QUOTED_INCLUDE_IN_FRAMEWORK_HEADER = YES;
				CLANG_WARN_RANGE_LOOP_ANALYSIS = YES;
				CLANG_WARN_STRICT_PROTOTYPES = YES;
				CLANG_WARN_SUSPICIOUS_MOVE = YES;
				CLANG_WARN_UNGUARDED_AVAILABILITY = YES_AGGRESSIVE;
				CLANG_WARN_UNREACHABLE_CODE = YES;
				CLANG_WARN__DUPLICATE_METHOD_MATCH = YES;
				COPY_PHASE_STRIP = NO;
				DEBUG_INFORMATION_FORMAT = "dwarf-with-dsym";
				DEVELOPMENT_TEAM = XR95QV2C94;
				ENABLE_NS_ASSERTIONS = NO;
				ENABLE_STRICT_OBJC_MSGSEND = YES;
				ENABLE_USER_SCRIPT_SANDBOXING = YES;
				GCC_C_LANGUAGE_STANDARD = gnu17;
				GCC_NO_COMMON_BLOCKS = YES;
				GCC_WARN_64_TO_32_BIT_CONVERSION = YES;
				GCC_WARN_ABOUT_RETURN_TYPE = YES_ERROR;
				GCC_WARN_UNDECLARED_SELECTOR = YES;
				GCC_WARN_UNINITIALIZED_AUTOS = YES_AGGRESSIVE;
				GCC_WARN_UNUSED_FUNCTION = YES;
				GCC_WARN_UNUSED_VARIABLE = YES;
				IPHONEOS_DEPLOYMENT_TARGET = 18.5;
				LOCALIZATION_PREFERS_STRING_CATALOGS = YES;
				MTL_ENABLE_DEBUG_INFO = NO;
				MTL_FAST_MATH = YES;
				SDKROOT = iphoneos;
				SWIFT_COMPILATION_MODE = wholemodule;
				VALIDATE_PRODUCT = YES;
			};
			name = Release;
		};
		368559B92F1625A1004C1868 /* Debug */ = {
			isa = XCBuildConfiguration;
			buildSettings = {
				ASSETCATALOG_COMPILER_APPICON_NAME = AppIcon;
				ASSETCATALOG_COMPILER_GLOBAL_ACCENT_COLOR_NAME = AccentColor;
				CODE_SIGN_ENTITLEMENTS = subscriptionManager/subscriptionManager.entitlements;
				CODE_SIGN_STYLE = Automatic;
				CURRENT_PROJECT_VERSION = 2;
				DEVELOPMENT_TEAM = XR95QV2C94;
				ENABLE_PREVIEWS = YES;
				GENERATE_INFOPLIST_FILE = YES;
				INFOPLIST_KEY_CFBundleDisplayName = Trackit;
				INFOPLIST_KEY_UIApplicationSceneManifest_Generation = YES;
				INFOPLIST_KEY_UIApplicationSupportsIndirectInputEvents = YES;
				INFOPLIST_KEY_UILaunchScreen_Generation = YES;
				INFOPLIST_KEY_UISupportedInterfaceOrientations_iPad = "UIInterfaceOrientationPortrait UIInterfaceOrientationPortraitUpsideDown UIInterfaceOrientationLandscapeLeft UIInterfaceOrientationLandscapeRight";
				INFOPLIST_KEY_UISupportedInterfaceOrientations_iPhone = "UIInterfaceOrientationPortrait UIInterfaceOrientationLandscapeLeft UIInterfaceOrientationLandscapeRight";
				LD_RUNPATH_SEARCH_PATHS = (
					"$(inherited)",
					"@executable_path/Frameworks",
				);
				MARKETING_VERSION = 1.0;
				PRODUCT_BUNDLE_IDENTIFIER = com.mukeshkhatri.subscriptionManager;
				PRODUCT_NAME = "$(TARGET_NAME)";
				SWIFT_EMIT_LOC_STRINGS = YES;
				SWIFT_VERSION = 5.0;
				TARGETED_DEVICE_FAMILY = "1,2";
			};
			name = Debug;
		};
		368559BA2F1625A1004C1868 /* Release */ = {
			isa = XCBuildConfiguration;
			buildSettings = {
				ASSETCATALOG_COMPILER_APPICON_NAME = AppIcon;
				ASSETCATALOG_COMPILER_GLOBAL_ACCENT_COLOR_NAME = AccentColor;
				CODE_SIGN_ENTITLEMENTS = subscriptionManager/subscriptionManager.entitlements;
				CODE_SIGN_STYLE = Automatic;
				CURRENT_PROJECT_VERSION = 2;
				DEVELOPMENT_TEAM = XR95QV2C94;
				ENABLE_PREVIEWS = YES;
				GENERATE_INFOPLIST_FILE = YES;
				INFOPLIST_KEY_CFBundleDisplayName = Trackit;
				INFOPLIST_KEY_UIApplicationSceneManifest_Generation = YES;
				INFOPLIST_KEY_UIApplicationSupportsIndirectInputEvents = YES;
				INFOPLIST_KEY_UILaunchScreen_Generation = YES;
				INFOPLIST_KEY_UISupportedInterfaceOrientations_iPad = "UIInterfaceOrientationPortrait UIInterfaceOrientationPortraitUpsideDown UIInterfaceOrientationLandscapeLeft UIInterfaceOrientationLandscapeRight";
				INFOPLIST_KEY_UISupportedInterfaceOrientations_iPhone = "UIInterfaceOrientationPortrait UIInterfaceOrientationLandscapeLeft UIInterfaceOrientationLandscapeRight";
				LD_RUNPATH_SEARCH_PATHS = (
					"$(inherited)",
					"@executable_path/Frameworks",
				);
				MARKETING_VERSION = 1.0;
				PRODUCT_BUNDLE_IDENTIFIER = com.mukeshkhatri.subscriptionManager;
				PRODUCT_NAME = "$(TARGET_NAME)";
				SWIFT_EMIT_LOC_STRINGS = YES;
				SWIFT_VERSION = 5.0;
				TARGETED_DEVICE_FAMILY = "1,2";
			};
			name = Release;
		};
		368559BC2F1625A1004C1868 /* Debug */ = {
			isa = XCBuildConfiguration;
			buildSettings = {
				BUNDLE_LOADER = "$(TEST_HOST)";
				CODE_SIGN_STYLE = Automatic;
				CURRENT_PROJECT_VERSION = 1;
				DEVELOPMENT_TEAM = XR95QV2C94;
				GENERATE_INFOPLIST_FILE = YES;
				IPHONEOS_DEPLOYMENT_TARGET = 18.5;
				MARKETING_VERSION = 1.0;
				PRODUCT_BUNDLE_IDENTIFIER = com.mukeshkhatri.subscriptionManagerTests;
				PRODUCT_NAME = "$(TARGET_NAME)";
				SWIFT_EMIT_LOC_STRINGS = NO;
				SWIFT_VERSION = 5.0;
				TARGETED_DEVICE_FAMILY = "1,2";
				TEST_HOST = "$(BUILT_PRODUCTS_DIR)/subscriptionManager.app/$(BUNDLE_EXECUTABLE_FOLDER_PATH)/subscriptionManager";
			};
			name = Debug;
		};
		368559BD2F1625A1004C1868 /* Release */ = {
			isa = XCBuildConfiguration;
			buildSettings = {
				BUNDLE_LOADER = "$(TEST_HOST)";
				CODE_SIGN_STYLE = Automatic;
				CURRENT_PROJECT_VERSION = 1;
				DEVELOPMENT_TEAM = XR95QV2C94;
				GENERATE_INFOPLIST_FILE = YES;
				IPHONEOS_DEPLOYMENT_TARGET = 18.5;
				MARKETING_VERSION = 1.0;
				PRODUCT_BUNDLE_IDENTIFIER = com.mukeshkhatri.subscriptionManagerTests;
				PRODUCT_NAME = "$(TARGET_NAME)";
				SWIFT_EMIT_LOC_STRINGS = NO;
				SWIFT_VERSION = 5.0;
				TARGETED_DEVICE_FAMILY = "1,2";
				TEST_HOST = "$(BUILT_PRODUCTS_DIR)/subscriptionManager.app/$(BUNDLE_EXECUTABLE_FOLDER_PATH)/subscriptionManager";
			};
			name = Release;
		};
		368559BF2F1625A1004C1868 /* Debug */ = {
			isa = XCBuildConfiguration;
			buildSettings = {
				CODE_SIGN_STYLE = Automatic;
				CURRENT_PROJECT_VERSION = 1;
				DEVELOPMENT_TEAM = XR95QV2C94;
				GENERATE_INFOPLIST_FILE = YES;
				MARKETING_VERSION = 1.0;
				PRODUCT_BUNDLE_IDENTIFIER = com.mukeshkhatri.subscriptionManagerUITests;
				PRODUCT_NAME = "$(TARGET_NAME)";
				SWIFT_EMIT_LOC_STRINGS = NO;
				SWIFT_VERSION = 5.0;
				TARGETED_DEVICE_FAMILY = "1,2";
				TEST_TARGET_NAME = subscriptionManager;
			};
			name = Debug;
		};
		368559C02F1625A1004C1868 /* Release */ = {
			isa = XCBuildConfiguration;
			buildSettings = {
				CODE_SIGN_STYLE = Automatic;
				CURRENT_PROJECT_VERSION = 1;
				DEVELOPMENT_TEAM = XR95QV2C94;
				GENERATE_INFOPLIST_FILE = YES;
				MARKETING_VERSION = 1.0;
				PRODUCT_BUNDLE_IDENTIFIER = com.mukeshkhatri.subscriptionManagerUITests;
				PRODUCT_NAME = "$(TARGET_NAME)";
				SWIFT_EMIT_LOC_STRINGS = NO;
				SWIFT_VERSION = 5.0;
				TARGETED_DEVICE_FAMILY = "1,2";
				TEST_TARGET_NAME = subscriptionManager;
			};
			name = Release;
		};
/* End XCBuildConfiguration section */

/* Begin XCConfigurationList section */
		368559922F16259E004C1868 /* Build configuration list for PBXProject "subscriptionManager" */ = {
			isa = XCConfigurationList;
			buildConfigurations = (
				368559B62F1625A1004C1868 /* Debug */,
				368559B72F1625A1004C1868 /* Release */,
			);
			defaultConfigurationIsVisible = 0;
			defaultConfigurationName = Release;
		};
		368559B82F1625A1004C1868 /* Build configuration list for PBXNativeTarget "subscriptionManager" */ = {
			isa = XCConfigurationList;
			buildConfigurations = (
				368559B92F1625A1004C1868 /* Debug */,
				368559BA2F1625A1004C1868 /* Release */,
			);
			defaultConfigurationIsVisible = 0;
			defaultConfigurationName = Release;
		};
		368559BB2F1625A1004C1868 /* Build configuration list for PBXNativeTarget "subscriptionManagerTests" */ = {
			isa = XCConfigurationList;
			buildConfigurations = (
				368559BC2F1625A1004C1868 /* Debug */,
				368559BD2F1625A1004C1868 /* Release */,
			);
			defaultConfigurationIsVisible = 0;
			defaultConfigurationName = Release;
		};
		368559BE2F1625A1004C1868 /* Build configuration list for PBXNativeTarget "subscriptionManagerUITests" */ = {
			isa = XCConfigurationList;
			buildConfigurations = (
				368559BF2F1625A1004C1868 /* Debug */,
				368559C02F1625A1004C1868 /* Release */,
			);
			defaultConfigurationIsVisible = 0;
			defaultConfigurationName = Release;
		};
/* End XCConfigurationList section */

/* Begin XCRemoteSwiftPackageReference section */
		36F8C7D92F26FA4500792061 /* XCRemoteSwiftPackageReference "firebase-ios-sdk" */ = {
			isa = XCRemoteSwiftPackageReference;
			repositoryURL = "https://github.com/firebase/firebase-ios-sdk.git";
			requirement = {
				kind = upToNextMajorVersion;
				minimumVersion = 12.8.0;
			};
		};
/* End XCRemoteSwiftPackageReference section */

/* Begin XCSwiftPackageProductDependency section */
		36F8C7DA2F26FA4500792061 /* FirebaseAnalytics */ = {
			isa = XCSwiftPackageProductDependency;
			package = 36F8C7D92F26FA4500792061 /* XCRemoteSwiftPackageReference "firebase-ios-sdk" */;
			productName = FirebaseAnalytics;
		};
		36F8C7DC2F26FA4500792061 /* FirebaseAnalyticsCore */ = {
			isa = XCSwiftPackageProductDependency;
			package = 36F8C7D92F26FA4500792061 /* XCRemoteSwiftPackageReference "firebase-ios-sdk" */;
			productName = FirebaseAnalyticsCore;
		};
		36F8C7DE2F26FA4500792061 /* FirebaseCore */ = {
			isa = XCSwiftPackageProductDependency;
			package = 36F8C7D92F26FA4500792061 /* XCRemoteSwiftPackageReference "firebase-ios-sdk" */;
			productName = FirebaseCore;
		};
/* End XCSwiftPackageProductDependency section */
	};
	rootObject = 3685598F2F16259E004C1868 /* Project object */;
}
